// !$*UTF8*$!
{
	archiveVersion = 1;
	classes = {
	};
	objectVersion = 46;
	objects = {

/* Begin PBXBuildFile section */
		EEB296FD1CD03DD200F27BD7 /* AppDelegate.swift in Sources */ = {isa = PBXBuildFile; fileRef = EEB296FC1CD03DD200F27BD7 /* AppDelegate.swift */; };
		EEB296FF1CD03DD200F27BD7 /* ViewController.swift in Sources */ = {isa = PBXBuildFile; fileRef = EEB296FE1CD03DD200F27BD7 /* ViewController.swift */; };
		EEB297021CD03DD200F27BD7 /* Main.storyboard in Resources */ = {isa = PBXBuildFile; fileRef = EEB297001CD03DD200F27BD7 /* Main.storyboard */; };
		EEB297041CD03DD200F27BD7 /* Assets.xcassets in Resources */ = {isa = PBXBuildFile; fileRef = EEB297031CD03DD200F27BD7 /* Assets.xcassets */; };
		EEB297071CD03DD200F27BD7 /* LaunchScreen.storyboard in Resources */ = {isa = PBXBuildFile; fileRef = EEB297051CD03DD200F27BD7 /* LaunchScreen.storyboard */; };
/* End PBXBuildFile section */

/* Begin PBXFileReference section */
		EEB296F91CD03DD200F27BD7 /* pokedex.app */ = {isa = PBXFileReference; explicitFileType = wrapper.application; includeInIndex = 0; path = pokedex.app; sourceTree = BUILT_PRODUCTS_DIR; };
		EEB296FC1CD03DD200F27BD7 /* AppDelegate.swift */ = {isa = PBXFileReference; lastKnownFileType = sourcecode.swift; path = AppDelegate.swift; sourceTree = "<group>"; };
		EEB296FE1CD03DD200F27BD7 /* ViewController.swift */ = {isa = PBXFileReference; lastKnownFileType = sourcecode.swift; path = ViewController.swift; sourceTree = "<group>"; };
		EEB297011CD03DD200F27BD7 /* Base */ = {isa = PBXFileReference; lastKnownFileType = file.storyboard; name = Base; path = Base.lproj/Main.storyboard; sourceTree = "<group>"; };
		EEB297031CD03DD200F27BD7 /* Assets.xcassets */ = {isa = PBXFileReference; lastKnownFileType = folder.assetcatalog; path = Assets.xcassets; sourceTree = "<group>"; };
		EEB297061CD03DD200F27BD7 /* Base */ = {isa = PBXFileReference; lastKnownFileType = file.storyboard; name = Base; path = Base.lproj/LaunchScreen.storyboard; sourceTree = "<group>"; };
		EEB297081CD03DD200F27BD7 /* Info.plist */ = {isa = PBXFileReference; lastKnownFileType = text.plist.xml; path = Info.plist; sourceTree = "<group>"; };
/* End PBXFileReference section */

/* Begin PBXFrameworksBuildPhase section */
		EEB296F61CD03DD200F27BD7 /* Frameworks */ = {
			isa = PBXFrameworksBuildPhase;
			buildActionMask = 2147483647;
			files = (
			);
			runOnlyForDeploymentPostprocessing = 0;
		};
/* End PBXFrameworksBuildPhase section */

/* Begin PBXGroup section */
		EEB296F01CD03DD200F27BD7 = {
			isa = PBXGroup;
			children = (
				EEB296FB1CD03DD200F27BD7 /* pokedex */,
				EEB296FA1CD03DD200F27BD7 /* Products */,
			);
			sourceTree = "<group>";
		};
		EEB296FA1CD03DD200F27BD7 /* Products */ = {
			isa = PBXGroup;
			children = (
				EEB296F91CD03DD200F27BD7 /* pokedex.app */,
			);
			name = Products;
			sourceTree = "<group>";
		};
		EEB296FB1CD03DD200F27BD7 /* pokedex */ = {
			isa = PBXGroup;
			children = (
				EEB296FC1CD03DD200F27BD7 /* AppDelegate.swift */,
				EEB296FE1CD03DD200F27BD7 /* ViewController.swift */,
				EEB297001CD03DD200F27BD7 /* Main.storyboard */,
				EEB297031CD03DD200F27BD7 /* Assets.xcassets */,
				EEB297051CD03DD200F27BD7 /* LaunchScreen.storyboard */,
				EEB297081CD03DD200F27BD7 /* Info.plist */,
			);
			path = pokedex;
			sourceTree = "<group>";
		};
/* End PBXGroup section */

/* Begin PBXNativeTarget section */
		EEB296F81CD03DD200F27BD7 /* pokedex */ = {
			isa = PBXNativeTarget;
			buildConfigurationList = EEB2970B1CD03DD200F27BD7 /* Build configuration list for PBXNativeTarget "pokedex" */;
			buildPhases = (
				EEB296F51CD03DD200F27BD7 /* Sources */,
				EEB296F61CD03DD200F27BD7 /* Frameworks */,
				EEB296F71CD03DD200F27BD7 /* Resources */,
			);
			buildRules = (
			);
			dependencies = (
			);
			name = pokedex;
			productName = pokedex;
			productReference = EEB296F91CD03DD200F27BD7 /* pokedex.app */;
			productType = "com.apple.product-type.application";
		};
/* End PBXNativeTarget section */

/* Begin PBXProject section */
		EEB296F11CD03DD200F27BD7 /* Project object */ = {
			isa = PBXProject;
			attributes = {
				LastSwiftUpdateCheck = 0730;
				LastUpgradeCheck = 0730;
				ORGANIZATIONNAME = SAAS;
				TargetAttributes = {
					EEB296F81CD03DD200F27BD7 = {
						CreatedOnToolsVersion = 7.3;
					};
				};
			};
			buildConfigurationList = EEB296F41CD03DD200F27BD7 /* Build configuration list for PBXProject "pokedex" */;
			compatibilityVersion = "Xcode 3.2";
			developmentRegion = English;
			hasScannedForEncodings = 0;
			knownRegions = (
				en,
				Base,
			);
			mainGroup = EEB296F01CD03DD200F27BD7;
			productRefGroup = EEB296FA1CD03DD200F27BD7 /* Products */;
			projectDirPath = "";
			projectRoot = "";
			targets = (
				EEB296F81CD03DD200F27BD7 /* pokedex */,
			);
		};
/* End PBXProject section */

/* Begin PBXResourcesBuildPhase section */
		EEB296F71CD03DD200F27BD7 /* Resources */ = {
			isa = PBXResourcesBuildPhase;
			buildActionMask = 2147483647;
			files = (
				EEB297071CD03DD200F27BD7 /* LaunchScreen.storyboard in Resources */,
				EEB297041CD03DD200F27BD7 /* Assets.xcassets in Resources */,
				EEB297021CD03DD200F27BD7 /* Main.storyboard in Resources */,
			);
			runOnlyForDeploymentPostprocessing = 0;
		};
/* End PBXResourcesBuildPhase section */

/* Begin PBXSourcesBuildPhase section */
		EEB296F51CD03DD200F27BD7 /* Sources */ = {
			isa = PBXSourcesBuildPhase;
			buildActionMask = 2147483647;
			files = (
				EEB296FF1CD03DD200F27BD7 /* ViewController.swift in Sources */,
				EEB296FD1CD03DD200F27BD7 /* AppDelegate.swift in Sources */,
			);
			runOnlyForDeploymentPostprocessing = 0;
		};
/* End PBXSourcesBuildPhase section */

/* Begin PBXVariantGroup section */
		EEB297001CD03DD200F27BD7 /* Main.storyboard */ = {
			isa = PBXVariantGroup;
			children = (
				EEB297011CD03DD200F27BD7 /* Base */,
			);
			name = Main.storyboard;
			sourceTree = "<group>";
		};
		EEB297051CD03DD200F27BD7 /* LaunchScreen.storyboard */ = {
			isa = PBXVariantGroup;
			children = (
				EEB297061CD03DD200F27BD7 /* Base */,
			);
			name = LaunchScreen.storyboard;
			sourceTree = "<group>";
		};
/* End PBXVariantGroup section */

/* Begin XCBuildConfiguration section */
		EEB297091CD03DD200F27BD7 /* Debug */ = {
			isa = XCBuildConfiguration;
			buildSettings = {
				ALWAYS_SEARCH_USER_PATHS = NO;
				CLANG_ANALYZER_NONNULL = YES;
				CLANG_CXX_LANGUAGE_STANDARD = "gnu++0x";
				CLANG_CXX_LIBRARY = "libc++";
				CLANG_ENABLE_MODULES = YES;
				CLANG_ENABLE_OBJC_ARC = YES;
				CLANG_WARN_BOOL_CONVERSION = YES;
				CLANG_WARN_CONSTANT_CONVERSION = YES;
				CLANG_WARN_DIRECT_OBJC_ISA_USAGE = YES_ERROR;
				CLANG_WARN_EMPTY_BODY = YES;
				CLANG_WARN_ENUM_CONVERSION = YES;
				CLANG_WARN_INT_CONVERSION = YES;
				CLANG_WARN_OBJC_ROOT_CLASS = YES_ERROR;
				CLANG_WARN_UNREACHABLE_CODE = YES;
				CLANG_WARN__DUPLICATE_METHOD_MATCH = YES;
				"CODE_SIGN_IDENTITY[sdk=iphoneos*]" = "iPhone Developer";
				COPY_PHASE_STRIP = NO;
				DEBUG_INFORMATION_FORMAT = dwarf;
				ENABLE_STRICT_OBJC_MSGSEND = YES;
				ENABLE_TESTABILITY = YES;
				GCC_C_LANGUAGE_STANDARD = gnu99;
				GCC_DYNAMIC_NO_PIC = NO;
				GCC_NO_COMMON_BLOCKS = YES;
				GCC_OPTIMIZATION_LEVEL = 0;
				GCC_PREPROCESSOR_DEFINITIONS = (
					"DEBUG=1",
					"$(inherited)",
				);
				GCC_WARN_64_TO_32_BIT_CONVERSION = YES;
				GCC_WARN_ABOUT_RETURN_TYPE = YES_ERROR;
				GCC_WARN_UNDECLARED_SELECTOR = YES;
				GCC_WARN_UNINITIALIZED_AUTOS = YES_AGGRESSIVE;
				GCC_WARN_UNUSED_FUNCTION = YES;
				GCC_WARN_UNUSED_VARIABLE = YES;
				IPHONEOS_DEPLOYMENT_TARGET = 9.3;
				MTL_ENABLE_DEBUG_INFO = YES;
				ONLY_ACTIVE_ARCH = YES;
				SDKROOT = iphoneos;
				SWIFT_OPTIMIZATION_LEVEL = "-Onone";
				TARGETED_DEVICE_FAMILY = "1,2";
			};
			name = Debug;
		};
		EEB2970A1CD03DD200F27BD7 /* Release */ = {
			isa = XCBuildConfiguration;
			buildSettings = {
				ALWAYS_SEARCH_USER_PATHS = NO;
				CLANG_ANALYZER_NONNULL = YES;
				CLANG_CXX_LANGUAGE_STANDARD = "gnu++0x";
				CLANG_CXX_LIBRARY = "libc++";
				CLANG_ENABLE_MODULES = YES;
				CLANG_ENABLE_OBJC_ARC = YES;
				CLANG_WARN_BOOL_CONVERSION = YES;
				CLANG_WARN_CONSTANT_CONVERSION = YES;
				CLANG_WARN_DIRECT_OBJC_ISA_USAGE = YES_ERROR;
				CLANG_WARN_EMPTY_BODY = YES;
				CLANG_WARN_ENUM_CONVERSION = YES;
				CLANG_WARN_INT_CONVERSION = YES;
				CLANG_WARN_OBJC_ROOT_CLASS = YES_ERROR;
				CLANG_WARN_UNREACHABLE_CODE = YES;
				CLANG_WARN__DUPLICATE_METHOD_MATCH = YES;
				"CODE_SIGN_IDENTITY[sdk=iphoneos*]" = "iPhone Developer";
				COPY_PHASE_STRIP = NO;
				DEBUG_INFORMATION_FORMAT = "dwarf-with-dsym";
				ENABLE_NS_ASSERTIONS = NO;
				ENABLE_STRICT_OBJC_MSGSEND = YES;
				GCC_C_LANGUAGE_STANDARD = gnu99;
				GCC_NO_COMMON_BLOCKS = YES;
				GCC_WARN_64_TO_32_BIT_CONVERSION = YES;
				GCC_WARN_ABOUT_RETURN_TYPE = YES_ERROR;
				GCC_WARN_UNDECLARED_SELECTOR = YES;
				GCC_WARN_UNINITIALIZED_AUTOS = YES_AGGRESSIVE;
				GCC_WARN_UNUSED_FUNCTION = YES;
				GCC_WARN_UNUSED_VARIABLE = YES;
				IPHONEOS_DEPLOYMENT_TARGET = 9.3;
				MTL_ENABLE_DEBUG_INFO = NO;
				SDKROOT = iphoneos;
				TARGETED_DEVICE_FAMILY = "1,2";
				VALIDATE_PRODUCT = YES;
			};
			name = Release;
		};
		EEB2970C1CD03DD200F27BD7 /* Debug */ = {
			isa = XCBuildConfiguration;
			buildSettings = {
				ASSETCATALOG_COMPILER_APPICON_NAME = AppIcon;
				INFOPLIST_FILE = pokedex/Info.plist;
				LD_RUNPATH_SEARCH_PATHS = "$(inherited) @executable_path/Frameworks";
				PRODUCT_BUNDLE_IDENTIFIER = saas.pokedex;
				PRODUCT_NAME = "$(TARGET_NAME)";
			};
			name = Debug;
		};
		EEB2970D1CD03DD200F27BD7 /* Release */ = {
			isa = XCBuildConfiguration;
			buildSettings = {
				ASSETCATALOG_COMPILER_APPICON_NAME = AppIcon;
				INFOPLIST_FILE = pokedex/Info.plist;
				LD_RUNPATH_SEARCH_PATHS = "$(inherited) @executable_path/Frameworks";
				PRODUCT_BUNDLE_IDENTIFIER = saas.pokedex;
				PRODUCT_NAME = "$(TARGET_NAME)";
			};
			name = Release;
		};
/* End XCBuildConfiguration section */

/* Begin XCConfigurationList section */
		EEB296F41CD03DD200F27BD7 /* Build configuration list for PBXProject "pokedex" */ = {
			isa = XCConfigurationList;
			buildConfigurations = (
				EEB297091CD03DD200F27BD7 /* Debug */,
				EEB2970A1CD03DD200F27BD7 /* Release */,
			);
			defaultConfigurationIsVisible = 0;
			defaultConfigurationName = Release;
		};
		EEB2970B1CD03DD200F27BD7 /* Build configuration list for PBXNativeTarget "pokedex" */ = {
			isa = XCConfigurationList;
			buildConfigurations = (
				EEB2970C1CD03DD200F27BD7 /* Debug */,
				EEB2970D1CD03DD200F27BD7 /* Release */,
			);
			defaultConfigurationIsVisible = 0;
		};
/* End XCConfigurationList section */
	};
	rootObject = EEB296F11CD03DD200F27BD7 /* Project object */;
}
